// !$*UTF8*$!
{
	archiveVersion = 1;
	classes = {
	};
	objectVersion = 55;
	objects = {

/* Begin PBXBuildFile section */
		C63FB51E27F87D6500C31F8E /* QuantityFavoriteDetailView.swift in Sources */ = {isa = PBXBuildFile; fileRef = C63FB51D27F87D6500C31F8E /* QuantityFavoriteDetailView.swift */; };
		C63FB52027F87F1E00C31F8E /* AddtoCartDetailView.swift in Sources */ = {isa = PBXBuildFile; fileRef = C63FB51F27F87F1E00C31F8E /* AddtoCartDetailView.swift */; };
		C644D30027F571080007E679 /* touchdownApp.swift in Sources */ = {isa = PBXBuildFile; fileRef = C644D2FF27F571080007E679 /* touchdownApp.swift */; };
		C644D30227F571080007E679 /* ContentView.swift in Sources */ = {isa = PBXBuildFile; fileRef = C644D30127F571080007E679 /* ContentView.swift */; };
		C644D30427F571090007E679 /* Assets.xcassets in Resources */ = {isa = PBXBuildFile; fileRef = C644D30327F571090007E679 /* Assets.xcassets */; };
		C644D30727F571090007E679 /* Preview Assets.xcassets in Resources */ = {isa = PBXBuildFile; fileRef = C644D30627F571090007E679 /* Preview Assets.xcassets */; };
		C644D31127F571090007E679 /* touchdownTests.swift in Sources */ = {isa = PBXBuildFile; fileRef = C644D31027F571090007E679 /* touchdownTests.swift */; };
		C644D31B27F571090007E679 /* touchdownUITests.swift in Sources */ = {isa = PBXBuildFile; fileRef = C644D31A27F571090007E679 /* touchdownUITests.swift */; };
		C644D31D27F571090007E679 /* touchdownUITestsLaunchTests.swift in Sources */ = {isa = PBXBuildFile; fileRef = C644D31C27F571090007E679 /* touchdownUITestsLaunchTests.swift */; };
		C644D32D27F5720D0007E679 /* player.json in Resources */ = {isa = PBXBuildFile; fileRef = C644D32927F5720D0007E679 /* player.json */; };
		C644D32E27F5720D0007E679 /* brand.json in Resources */ = {isa = PBXBuildFile; fileRef = C644D32A27F5720D0007E679 /* brand.json */; };
		C644D32F27F5720D0007E679 /* product.json in Resources */ = {isa = PBXBuildFile; fileRef = C644D32B27F5720D0007E679 /* product.json */; };
		C644D33027F5720D0007E679 /* category.json in Resources */ = {isa = PBXBuildFile; fileRef = C644D32C27F5720D0007E679 /* category.json */; };
		C644D33B27F573620007E679 /* Constant.swift in Sources */ = {isa = PBXBuildFile; fileRef = C644D33A27F573620007E679 /* Constant.swift */; };
		C644D33D27F573E50007E679 /* FooterView.swift in Sources */ = {isa = PBXBuildFile; fileRef = C644D33C27F573E50007E679 /* FooterView.swift */; };
		C644D33F27F576A80007E679 /* NavigationBarView.swift in Sources */ = {isa = PBXBuildFile; fileRef = C644D33E27F576A80007E679 /* NavigationBarView.swift */; };
		C644D34127F5779A0007E679 /* LogoView.swift in Sources */ = {isa = PBXBuildFile; fileRef = C644D34027F5779A0007E679 /* LogoView.swift */; };
		C644D34327F57ED10007E679 /* PlayerModel.swift in Sources */ = {isa = PBXBuildFile; fileRef = C644D34227F57ED10007E679 /* PlayerModel.swift */; };
		C644D34527F57EFD0007E679 /* CodableBundleExtension.swift in Sources */ = {isa = PBXBuildFile; fileRef = C644D34427F57EFD0007E679 /* CodableBundleExtension.swift */; };
		C644D34727F580560007E679 /* FeatureItemView.swift in Sources */ = {isa = PBXBuildFile; fileRef = C644D34627F580560007E679 /* FeatureItemView.swift */; };
		C644D34927F580FA0007E679 /* FeaturedTabView.swift in Sources */ = {isa = PBXBuildFile; fileRef = C644D34827F580FA0007E679 /* FeaturedTabView.swift */; };
		C644D34B27F584FE0007E679 /* CategoryModel.swift in Sources */ = {isa = PBXBuildFile; fileRef = C644D34A27F584FE0007E679 /* CategoryModel.swift */; };
		C644D34D27F586400007E679 /* CategoryItemView.swift in Sources */ = {isa = PBXBuildFile; fileRef = C644D34C27F586400007E679 /* CategoryItemView.swift */; };
		C644D34F27F5883B0007E679 /* CategoryGridView.swift in Sources */ = {isa = PBXBuildFile; fileRef = C644D34E27F5883B0007E679 /* CategoryGridView.swift */; };
		C644D35127F589EC0007E679 /* SectionView.swift in Sources */ = {isa = PBXBuildFile; fileRef = C644D35027F589EC0007E679 /* SectionView.swift */; };
		C644D35327F58EA80007E679 /* TitleView.swift in Sources */ = {isa = PBXBuildFile; fileRef = C644D35227F58EA80007E679 /* TitleView.swift */; };
		C644D35527F590B50007E679 /* Product.swift in Sources */ = {isa = PBXBuildFile; fileRef = C644D35427F590B50007E679 /* Product.swift */; };
		C644D35727F591140007E679 /* ProductItemView.swift in Sources */ = {isa = PBXBuildFile; fileRef = C644D35627F591140007E679 /* ProductItemView.swift */; };
		C65C9FC127F5C3660094E895 /* ProductDetailView.swift in Sources */ = {isa = PBXBuildFile; fileRef = C65C9FC027F5C3660094E895 /* ProductDetailView.swift */; };
		C65C9FC327F5C4B30094E895 /* DetailViewNavigationBar.swift in Sources */ = {isa = PBXBuildFile; fileRef = C65C9FC227F5C4B30094E895 /* DetailViewNavigationBar.swift */; };
		C65C9FC527F5C5980094E895 /* HeaderDetailView.swift in Sources */ = {isa = PBXBuildFile; fileRef = C65C9FC427F5C5980094E895 /* HeaderDetailView.swift */; };
		C65C9FC727F5C64F0094E895 /* TopbarDetailView.swift in Sources */ = {isa = PBXBuildFile; fileRef = C65C9FC627F5C64F0094E895 /* TopbarDetailView.swift */; };
		C65C9FC927F5C9490094E895 /* CustomShape.swift in Sources */ = {isa = PBXBuildFile; fileRef = C65C9FC827F5C9490094E895 /* CustomShape.swift */; };
		C65C9FCB27F5CA850094E895 /* RatingSizedDetailView.swift in Sources */ = {isa = PBXBuildFile; fileRef = C65C9FCA27F5CA850094E895 /* RatingSizedDetailView.swift */; };
		C67CFFDD27F5970E00F3BC41 /* Brand.swift in Sources */ = {isa = PBXBuildFile; fileRef = C67CFFDC27F5970E00F3BC41 /* Brand.swift */; };
		C67CFFDF27F5973800F3BC41 /* BrandItemView.swift in Sources */ = {isa = PBXBuildFile; fileRef = C67CFFDE27F5973800F3BC41 /* BrandItemView.swift */; };
		C67CFFE127F5981E00F3BC41 /* BrandGridView.swift in Sources */ = {isa = PBXBuildFile; fileRef = C67CFFE027F5981E00F3BC41 /* BrandGridView.swift */; };
/* End PBXBuildFile section */

/* Begin PBXContainerItemProxy section */
		C644D30D27F571090007E679 /* PBXContainerItemProxy */ = {
			isa = PBXContainerItemProxy;
			containerPortal = C644D2F427F571080007E679 /* Project object */;
			proxyType = 1;
			remoteGlobalIDString = C644D2FB27F571080007E679;
			remoteInfo = touchdown;
		};
		C644D31727F571090007E679 /* PBXContainerItemProxy */ = {
			isa = PBXContainerItemProxy;
			containerPortal = C644D2F427F571080007E679 /* Project object */;
			proxyType = 1;
			remoteGlobalIDString = C644D2FB27F571080007E679;
			remoteInfo = touchdown;
		};
/* End PBXContainerItemProxy section */

/* Begin PBXFileReference section */
		C63FB51D27F87D6500C31F8E /* QuantityFavoriteDetailView.swift */ = {isa = PBXFileReference; lastKnownFileType = sourcecode.swift; path = QuantityFavoriteDetailView.swift; sourceTree = "<group>"; };
		C63FB51F27F87F1E00C31F8E /* AddtoCartDetailView.swift */ = {isa = PBXFileReference; lastKnownFileType = sourcecode.swift; path = AddtoCartDetailView.swift; sourceTree = "<group>"; };
		C644D2FC27F571080007E679 /* touchdown.app */ = {isa = PBXFileReference; explicitFileType = wrapper.application; includeInIndex = 0; path = touchdown.app; sourceTree = BUILT_PRODUCTS_DIR; };
		C644D2FF27F571080007E679 /* touchdownApp.swift */ = {isa = PBXFileReference; lastKnownFileType = sourcecode.swift; path = touchdownApp.swift; sourceTree = "<group>"; };
		C644D30127F571080007E679 /* ContentView.swift */ = {isa = PBXFileReference; lastKnownFileType = sourcecode.swift; path = ContentView.swift; sourceTree = "<group>"; };
		C644D30327F571090007E679 /* Assets.xcassets */ = {isa = PBXFileReference; lastKnownFileType = folder.assetcatalog; path = Assets.xcassets; sourceTree = "<group>"; };
		C644D30627F571090007E679 /* Preview Assets.xcassets */ = {isa = PBXFileReference; lastKnownFileType = folder.assetcatalog; path = "Preview Assets.xcassets"; sourceTree = "<group>"; };
		C644D30C27F571090007E679 /* touchdownTests.xctest */ = {isa = PBXFileReference; explicitFileType = wrapper.cfbundle; includeInIndex = 0; path = touchdownTests.xctest; sourceTree = BUILT_PRODUCTS_DIR; };
		C644D31027F571090007E679 /* touchdownTests.swift */ = {isa = PBXFileReference; lastKnownFileType = sourcecode.swift; path = touchdownTests.swift; sourceTree = "<group>"; };
		C644D31627F571090007E679 /* touchdownUITests.xctest */ = {isa = PBXFileReference; explicitFileType = wrapper.cfbundle; includeInIndex = 0; path = touchdownUITests.xctest; sourceTree = BUILT_PRODUCTS_DIR; };
		C644D31A27F571090007E679 /* touchdownUITests.swift */ = {isa = PBXFileReference; lastKnownFileType = sourcecode.swift; path = touchdownUITests.swift; sourceTree = "<group>"; };
		C644D31C27F571090007E679 /* touchdownUITestsLaunchTests.swift */ = {isa = PBXFileReference; lastKnownFileType = sourcecode.swift; path = touchdownUITestsLaunchTests.swift; sourceTree = "<group>"; };
		C644D32927F5720D0007E679 /* player.json */ = {isa = PBXFileReference; fileEncoding = 4; lastKnownFileType = text.json; path = player.json; sourceTree = "<group>"; };
		C644D32A27F5720D0007E679 /* brand.json */ = {isa = PBXFileReference; fileEncoding = 4; lastKnownFileType = text.json; path = brand.json; sourceTree = "<group>"; };
		C644D32B27F5720D0007E679 /* product.json */ = {isa = PBXFileReference; fileEncoding = 4; lastKnownFileType = text.json; path = product.json; sourceTree = "<group>"; };
		C644D32C27F5720D0007E679 /* category.json */ = {isa = PBXFileReference; fileEncoding = 4; lastKnownFileType = text.json; path = category.json; sourceTree = "<group>"; };
		C644D33227F572530007E679 /* Info.plist */ = {isa = PBXFileReference; lastKnownFileType = text.plist; path = Info.plist; sourceTree = "<group>"; };
		C644D33A27F573620007E679 /* Constant.swift */ = {isa = PBXFileReference; lastKnownFileType = sourcecode.swift; path = Constant.swift; sourceTree = "<group>"; };
		C644D33C27F573E50007E679 /* FooterView.swift */ = {isa = PBXFileReference; lastKnownFileType = sourcecode.swift; path = FooterView.swift; sourceTree = "<group>"; };
		C644D33E27F576A80007E679 /* NavigationBarView.swift */ = {isa = PBXFileReference; lastKnownFileType = sourcecode.swift; path = NavigationBarView.swift; sourceTree = "<group>"; };
		C644D34027F5779A0007E679 /* LogoView.swift */ = {isa = PBXFileReference; lastKnownFileType = sourcecode.swift; path = LogoView.swift; sourceTree = "<group>"; };
		C644D34227F57ED10007E679 /* PlayerModel.swift */ = {isa = PBXFileReference; lastKnownFileType = sourcecode.swift; path = PlayerModel.swift; sourceTree = "<group>"; };
		C644D34427F57EFD0007E679 /* CodableBundleExtension.swift */ = {isa = PBXFileReference; lastKnownFileType = sourcecode.swift; path = CodableBundleExtension.swift; sourceTree = "<group>"; };
		C644D34627F580560007E679 /* FeatureItemView.swift */ = {isa = PBXFileReference; lastKnownFileType = sourcecode.swift; path = FeatureItemView.swift; sourceTree = "<group>"; };
		C644D34827F580FA0007E679 /* FeaturedTabView.swift */ = {isa = PBXFileReference; lastKnownFileType = sourcecode.swift; path = FeaturedTabView.swift; sourceTree = "<group>"; };
		C644D34A27F584FE0007E679 /* CategoryModel.swift */ = {isa = PBXFileReference; lastKnownFileType = sourcecode.swift; path = CategoryModel.swift; sourceTree = "<group>"; };
		C644D34C27F586400007E679 /* CategoryItemView.swift */ = {isa = PBXFileReference; lastKnownFileType = sourcecode.swift; path = CategoryItemView.swift; sourceTree = "<group>"; };
		C644D34E27F5883B0007E679 /* CategoryGridView.swift */ = {isa = PBXFileReference; lastKnownFileType = sourcecode.swift; path = CategoryGridView.swift; sourceTree = "<group>"; };
		C644D35027F589EC0007E679 /* SectionView.swift */ = {isa = PBXFileReference; lastKnownFileType = sourcecode.swift; path = SectionView.swift; sourceTree = "<group>"; };
		C644D35227F58EA80007E679 /* TitleView.swift */ = {isa = PBXFileReference; lastKnownFileType = sourcecode.swift; path = TitleView.swift; sourceTree = "<group>"; };
		C644D35427F590B50007E679 /* Product.swift */ = {isa = PBXFileReference; lastKnownFileType = sourcecode.swift; path = Product.swift; sourceTree = "<group>"; };
		C644D35627F591140007E679 /* ProductItemView.swift */ = {isa = PBXFileReference; lastKnownFileType = sourcecode.swift; path = ProductItemView.swift; sourceTree = "<group>"; };
		C65C9FC027F5C3660094E895 /* ProductDetailView.swift */ = {isa = PBXFileReference; lastKnownFileType = sourcecode.swift; path = ProductDetailView.swift; sourceTree = "<group>"; };
		C65C9FC227F5C4B30094E895 /* DetailViewNavigationBar.swift */ = {isa = PBXFileReference; lastKnownFileType = sourcecode.swift; path = DetailViewNavigationBar.swift; sourceTree = "<group>"; };
		C65C9FC427F5C5980094E895 /* HeaderDetailView.swift */ = {isa = PBXFileReference; lastKnownFileType = sourcecode.swift; path = HeaderDetailView.swift; sourceTree = "<group>"; };
		C65C9FC627F5C64F0094E895 /* TopbarDetailView.swift */ = {isa = PBXFileReference; lastKnownFileType = sourcecode.swift; path = TopbarDetailView.swift; sourceTree = "<group>"; };
		C65C9FC827F5C9490094E895 /* CustomShape.swift */ = {isa = PBXFileReference; lastKnownFileType = sourcecode.swift; path = CustomShape.swift; sourceTree = "<group>"; };
		C65C9FCA27F5CA850094E895 /* RatingSizedDetailView.swift */ = {isa = PBXFileReference; lastKnownFileType = sourcecode.swift; path = RatingSizedDetailView.swift; sourceTree = "<group>"; };
		C67CFFDC27F5970E00F3BC41 /* Brand.swift */ = {isa = PBXFileReference; lastKnownFileType = sourcecode.swift; path = Brand.swift; sourceTree = "<group>"; };
		C67CFFDE27F5973800F3BC41 /* BrandItemView.swift */ = {isa = PBXFileReference; lastKnownFileType = sourcecode.swift; path = BrandItemView.swift; sourceTree = "<group>"; };
		C67CFFE027F5981E00F3BC41 /* BrandGridView.swift */ = {isa = PBXFileReference; lastKnownFileType = sourcecode.swift; path = BrandGridView.swift; sourceTree = "<group>"; };
/* End PBXFileReference section */

/* Begin PBXFrameworksBuildPhase section */
		C644D2F927F571080007E679 /* Frameworks */ = {
			isa = PBXFrameworksBuildPhase;
			buildActionMask = 2147483647;
			files = (
			);
			runOnlyForDeploymentPostprocessing = 0;
		};
		C644D30927F571090007E679 /* Frameworks */ = {
			isa = PBXFrameworksBuildPhase;
			buildActionMask = 2147483647;
			files = (
			);
			runOnlyForDeploymentPostprocessing = 0;
		};
		C644D31327F571090007E679 /* Frameworks */ = {
			isa = PBXFrameworksBuildPhase;
			buildActionMask = 2147483647;
			files = (
			);
			runOnlyForDeploymentPostprocessing = 0;
		};
/* End PBXFrameworksBuildPhase section */

/* Begin PBXGroup section */
		C644D2F327F571080007E679 = {
			isa = PBXGroup;
			children = (
				C644D2FE27F571080007E679 /* touchdown */,
				C644D30F27F571090007E679 /* touchdownTests */,
				C644D31927F571090007E679 /* touchdownUITests */,
				C644D2FD27F571080007E679 /* Products */,
			);
			sourceTree = "<group>";
		};
		C644D2FD27F571080007E679 /* Products */ = {
			isa = PBXGroup;
			children = (
				C644D2FC27F571080007E679 /* touchdown.app */,
				C644D30C27F571090007E679 /* touchdownTests.xctest */,
				C644D31627F571090007E679 /* touchdownUITests.xctest */,
			);
			name = Products;
			sourceTree = "<group>";
		};
		C644D2FE27F571080007E679 /* touchdown */ = {
			isa = PBXGroup;
			children = (
				C644D33927F573490007E679 /* Utitlities */,
				C644D33827F573450007E679 /* Extensions */,
				C644D33727F573400007E679 /* Modals */,
				C644D33427F573330007E679 /* View */,
				C644D33227F572530007E679 /* Info.plist */,
				C644D33127F572130007E679 /* JSON Files */,
				C644D33327F5732B0007E679 /* App */,
				C644D30327F571090007E679 /* Assets.xcassets */,
				C644D30527F571090007E679 /* Preview Content */,
			);
			path = touchdown;
			sourceTree = "<group>";
		};
		C644D30527F571090007E679 /* Preview Content */ = {
			isa = PBXGroup;
			children = (
				C644D30627F571090007E679 /* Preview Assets.xcassets */,
			);
			path = "Preview Content";
			sourceTree = "<group>";
		};
		C644D30F27F571090007E679 /* touchdownTests */ = {
			isa = PBXGroup;
			children = (
				C644D31027F571090007E679 /* touchdownTests.swift */,
			);
			path = touchdownTests;
			sourceTree = "<group>";
		};
		C644D31927F571090007E679 /* touchdownUITests */ = {
			isa = PBXGroup;
			children = (
				C644D31A27F571090007E679 /* touchdownUITests.swift */,
				C644D31C27F571090007E679 /* touchdownUITestsLaunchTests.swift */,
			);
			path = touchdownUITests;
			sourceTree = "<group>";
		};
		C644D33127F572130007E679 /* JSON Files */ = {
			isa = PBXGroup;
			children = (
				C644D32A27F5720D0007E679 /* brand.json */,
				C644D32C27F5720D0007E679 /* category.json */,
				C644D32927F5720D0007E679 /* player.json */,
				C644D32B27F5720D0007E679 /* product.json */,
			);
			path = "JSON Files";
			sourceTree = "<group>";
		};
		C644D33327F5732B0007E679 /* App */ = {
			isa = PBXGroup;
			children = (
				C644D2FF27F571080007E679 /* touchdownApp.swift */,
				C644D30127F571080007E679 /* ContentView.swift */,
			);
			path = App;
			sourceTree = "<group>";
		};
		C644D33427F573330007E679 /* View */ = {
			isa = PBXGroup;
			children = (
				C644D33627F5733A0007E679 /* Details */,
				C644D33527F573360007E679 /* Home */,
			);
			path = View;
			sourceTree = "<group>";
		};
		C644D33527F573360007E679 /* Home */ = {
			isa = PBXGroup;
			children = (
				C644D33C27F573E50007E679 /* FooterView.swift */,
				C644D33E27F576A80007E679 /* NavigationBarView.swift */,
				C644D34027F5779A0007E679 /* LogoView.swift */,
				C644D34627F580560007E679 /* FeatureItemView.swift */,
				C644D34827F580FA0007E679 /* FeaturedTabView.swift */,
				C644D34C27F586400007E679 /* CategoryItemView.swift */,
				C644D34E27F5883B0007E679 /* CategoryGridView.swift */,
				C644D35027F589EC0007E679 /* SectionView.swift */,
				C644D35227F58EA80007E679 /* TitleView.swift */,
				C644D35627F591140007E679 /* ProductItemView.swift */,
				C67CFFDE27F5973800F3BC41 /* BrandItemView.swift */,
				C67CFFE027F5981E00F3BC41 /* BrandGridView.swift */,
			);
			path = Home;
			sourceTree = "<group>";
		};
		C644D33627F5733A0007E679 /* Details */ = {
			isa = PBXGroup;
			children = (
				C65C9FC027F5C3660094E895 /* ProductDetailView.swift */,
				C65C9FC227F5C4B30094E895 /* DetailViewNavigationBar.swift */,
				C65C9FC427F5C5980094E895 /* HeaderDetailView.swift */,
				C65C9FC627F5C64F0094E895 /* TopbarDetailView.swift */,
				C65C9FCA27F5CA850094E895 /* RatingSizedDetailView.swift */,
				C63FB51D27F87D6500C31F8E /* QuantityFavoriteDetailView.swift */,
				C63FB51F27F87F1E00C31F8E /* AddtoCartDetailView.swift */,
			);
			path = Details;
			sourceTree = "<group>";
		};
		C644D33727F573400007E679 /* Modals */ = {
			isa = PBXGroup;
			children = (
				C644D34227F57ED10007E679 /* PlayerModel.swift */,
				C644D34A27F584FE0007E679 /* CategoryModel.swift */,
				C644D35427F590B50007E679 /* Product.swift */,
				C67CFFDC27F5970E00F3BC41 /* Brand.swift */,
			);
			path = Modals;
			sourceTree = "<group>";
		};
		C644D33827F573450007E679 /* Extensions */ = {
			isa = PBXGroup;
			children = (
				C644D34427F57EFD0007E679 /* CodableBundleExtension.swift */,
			);
			path = Extensions;
			sourceTree = "<group>";
		};
		C644D33927F573490007E679 /* Utitlities */ = {
			isa = PBXGroup;
			children = (
				C644D33A27F573620007E679 /* Constant.swift */,
				C65C9FC827F5C9490094E895 /* CustomShape.swift */,
			);
			path = Utitlities;
			sourceTree = "<group>";
		};
/* End PBXGroup section */

/* Begin PBXNativeTarget section */
		C644D2FB27F571080007E679 /* touchdown */ = {
			isa = PBXNativeTarget;
			buildConfigurationList = C644D32027F571090007E679 /* Build configuration list for PBXNativeTarget "touchdown" */;
			buildPhases = (
				C644D2F827F571080007E679 /* Sources */,
				C644D2F927F571080007E679 /* Frameworks */,
				C644D2FA27F571080007E679 /* Resources */,
			);
			buildRules = (
			);
			dependencies = (
			);
			name = touchdown;
			productName = touchdown;
			productReference = C644D2FC27F571080007E679 /* touchdown.app */;
			productType = "com.apple.product-type.application";
		};
		C644D30B27F571090007E679 /* touchdownTests */ = {
			isa = PBXNativeTarget;
			buildConfigurationList = C644D32327F571090007E679 /* Build configuration list for PBXNativeTarget "touchdownTests" */;
			buildPhases = (
				C644D30827F571090007E679 /* Sources */,
				C644D30927F571090007E679 /* Frameworks */,
				C644D30A27F571090007E679 /* Resources */,
			);
			buildRules = (
			);
			dependencies = (
				C644D30E27F571090007E679 /* PBXTargetDependency */,
			);
			name = touchdownTests;
			productName = touchdownTests;
			productReference = C644D30C27F571090007E679 /* touchdownTests.xctest */;
			productType = "com.apple.product-type.bundle.unit-test";
		};
		C644D31527F571090007E679 /* touchdownUITests */ = {
			isa = PBXNativeTarget;
			buildConfigurationList = C644D32627F571090007E679 /* Build configuration list for PBXNativeTarget "touchdownUITests" */;
			buildPhases = (
				C644D31227F571090007E679 /* Sources */,
				C644D31327F571090007E679 /* Frameworks */,
				C644D31427F571090007E679 /* Resources */,
			);
			buildRules = (
			);
			dependencies = (
				C644D31827F571090007E679 /* PBXTargetDependency */,
			);
			name = touchdownUITests;
			productName = touchdownUITests;
			productReference = C644D31627F571090007E679 /* touchdownUITests.xctest */;
			productType = "com.apple.product-type.bundle.ui-testing";
		};
/* End PBXNativeTarget section */

/* Begin PBXProject section */
		C644D2F427F571080007E679 /* Project object */ = {
			isa = PBXProject;
			attributes = {
				BuildIndependentTargetsInParallel = 1;
				LastSwiftUpdateCheck = 1330;
				LastUpgradeCheck = 1330;
				TargetAttributes = {
					C644D2FB27F571080007E679 = {
						CreatedOnToolsVersion = 13.3;
					};
					C644D30B27F571090007E679 = {
						CreatedOnToolsVersion = 13.3;
						TestTargetID = C644D2FB27F571080007E679;
					};
					C644D31527F571090007E679 = {
						CreatedOnToolsVersion = 13.3;
						TestTargetID = C644D2FB27F571080007E679;
					};
				};
			};
			buildConfigurationList = C644D2F727F571080007E679 /* Build configuration list for PBXProject "touchdown" */;
			compatibilityVersion = "Xcode 13.0";
			developmentRegion = en;
			hasScannedForEncodings = 0;
			knownRegions = (
				en,
				Base,
			);
			mainGroup = C644D2F327F571080007E679;
			productRefGroup = C644D2FD27F571080007E679 /* Products */;
			projectDirPath = "";
			projectRoot = "";
			targets = (
				C644D2FB27F571080007E679 /* touchdown */,
				C644D30B27F571090007E679 /* touchdownTests */,
				C644D31527F571090007E679 /* touchdownUITests */,
			);
		};
/* End PBXProject section */

/* Begin PBXResourcesBuildPhase section */
		C644D2FA27F571080007E679 /* Resources */ = {
			isa = PBXResourcesBuildPhase;
			buildActionMask = 2147483647;
			files = (
				C644D32D27F5720D0007E679 /* player.json in Resources */,
				C644D32E27F5720D0007E679 /* brand.json in Resources */,
				C644D30727F571090007E679 /* Preview Assets.xcassets in Resources */,
				C644D33027F5720D0007E679 /* category.json in Resources */,
				C644D30427F571090007E679 /* Assets.xcassets in Resources */,
				C644D32F27F5720D0007E679 /* product.json in Resources */,
			);
			runOnlyForDeploymentPostprocessing = 0;
		};
		C644D30A27F571090007E679 /* Resources */ = {
			isa = PBXResourcesBuildPhase;
			buildActionMask = 2147483647;
			files = (
			);
			runOnlyForDeploymentPostprocessing = 0;
		};
		C644D31427F571090007E679 /* Resources */ = {
			isa = PBXResourcesBuildPhase;
			buildActionMask = 2147483647;
			files = (
			);
			runOnlyForDeploymentPostprocessing = 0;
		};
/* End PBXResourcesBuildPhase section */

/* Begin PBXSourcesBuildPhase section */
		C644D2F827F571080007E679 /* Sources */ = {
			isa = PBXSourcesBuildPhase;
			buildActionMask = 2147483647;
			files = (
				C644D34727F580560007E679 /* FeatureItemView.swift in Sources */,
				C65C9FC527F5C5980094E895 /* HeaderDetailView.swift in Sources */,
				C67CFFDD27F5970E00F3BC41 /* Brand.swift in Sources */,
				C644D34527F57EFD0007E679 /* CodableBundleExtension.swift in Sources */,
				C63FB51E27F87D6500C31F8E /* QuantityFavoriteDetailView.swift in Sources */,
				C644D30227F571080007E679 /* ContentView.swift in Sources */,
				C644D34127F5779A0007E679 /* LogoView.swift in Sources */,
				C644D33D27F573E50007E679 /* FooterView.swift in Sources */,
				C67CFFE127F5981E00F3BC41 /* BrandGridView.swift in Sources */,
				C644D35727F591140007E679 /* ProductItemView.swift in Sources */,
				C65C9FC127F5C3660094E895 /* ProductDetailView.swift in Sources */,
				C644D30027F571080007E679 /* touchdownApp.swift in Sources */,
				C63FB52027F87F1E00C31F8E /* AddtoCartDetailView.swift in Sources */,
				C644D33B27F573620007E679 /* Constant.swift in Sources */,
				C644D34F27F5883B0007E679 /* CategoryGridView.swift in Sources */,
				C644D34B27F584FE0007E679 /* CategoryModel.swift in Sources */,
				C65C9FCB27F5CA850094E895 /* RatingSizedDetailView.swift in Sources */,
				C644D35527F590B50007E679 /* Product.swift in Sources */,
				C65C9FC727F5C64F0094E895 /* TopbarDetailView.swift in Sources */,
				C67CFFDF27F5973800F3BC41 /* BrandItemView.swift in Sources */,
				C644D33F27F576A80007E679 /* NavigationBarView.swift in Sources */,
				C644D35127F589EC0007E679 /* SectionView.swift in Sources */,
				C65C9FC327F5C4B30094E895 /* DetailViewNavigationBar.swift in Sources */,
				C65C9FC927F5C9490094E895 /* CustomShape.swift in Sources */,
				C644D34D27F586400007E679 /* CategoryItemView.swift in Sources */,
				C644D34927F580FA0007E679 /* FeaturedTabView.swift in Sources */,
				C644D34327F57ED10007E679 /* PlayerModel.swift in Sources */,
				C644D35327F58EA80007E679 /* TitleView.swift in Sources */,
			);
			runOnlyForDeploymentPostprocessing = 0;
		};
		C644D30827F571090007E679 /* Sources */ = {
			isa = PBXSourcesBuildPhase;
			buildActionMask = 2147483647;
			files = (
				C644D31127F571090007E679 /* touchdownTests.swift in Sources */,
			);
			runOnlyForDeploymentPostprocessing = 0;
		};
		C644D31227F571090007E679 /* Sources */ = {
			isa = PBXSourcesBuildPhase;
			buildActionMask = 2147483647;
			files = (
				C644D31D27F571090007E679 /* touchdownUITestsLaunchTests.swift in Sources */,
				C644D31B27F571090007E679 /* touchdownUITests.swift in Sources */,
			);
			runOnlyForDeploymentPostprocessing = 0;
		};
/* End PBXSourcesBuildPhase section */

/* Begin PBXTargetDependency section */
		C644D30E27F571090007E679 /* PBXTargetDependency */ = {
			isa = PBXTargetDependency;
			target = C644D2FB27F571080007E679 /* touchdown */;
			targetProxy = C644D30D27F571090007E679 /* PBXContainerItemProxy */;
		};
		C644D31827F571090007E679 /* PBXTargetDependency */ = {
			isa = PBXTargetDependency;
			target = C644D2FB27F571080007E679 /* touchdown */;
			targetProxy = C644D31727F571090007E679 /* PBXContainerItemProxy */;
		};
/* End PBXTargetDependency section */

/* Begin XCBuildConfiguration section */
		C644D31E27F571090007E679 /* Debug */ = {
			isa = XCBuildConfiguration;
			buildSettings = {
				ALWAYS_SEARCH_USER_PATHS = NO;
				CLANG_ANALYZER_NONNULL = YES;
				CLANG_ANALYZER_NUMBER_OBJECT_CONVERSION = YES_AGGRESSIVE;
				CLANG_CXX_LANGUAGE_STANDARD = "gnu++17";
				CLANG_ENABLE_MODULES = YES;
				CLANG_ENABLE_OBJC_ARC = YES;
				CLANG_ENABLE_OBJC_WEAK = YES;
				CLANG_WARN_BLOCK_CAPTURE_AUTORELEASING = YES;
				CLANG_WARN_BOOL_CONVERSION = YES;
				CLANG_WARN_COMMA = YES;
				CLANG_WARN_CONSTANT_CONVERSION = YES;
				CLANG_WARN_DEPRECATED_OBJC_IMPLEMENTATIONS = YES;
				CLANG_WARN_DIRECT_OBJC_ISA_USAGE = YES_ERROR;
				CLANG_WARN_DOCUMENTATION_COMMENTS = YES;
				CLANG_WARN_EMPTY_BODY = YES;
				CLANG_WARN_ENUM_CONVERSION = YES;
				CLANG_WARN_INFINITE_RECURSION = YES;
				CLANG_WARN_INT_CONVERSION = YES;
				CLANG_WARN_NON_LITERAL_NULL_CONVERSION = YES;
				CLANG_WARN_OBJC_IMPLICIT_RETAIN_SELF = YES;
				CLANG_WARN_OBJC_LITERAL_CONVERSION = YES;
				CLANG_WARN_OBJC_ROOT_CLASS = YES_ERROR;
				CLANG_WARN_QUOTED_INCLUDE_IN_FRAMEWORK_HEADER = YES;
				CLANG_WARN_RANGE_LOOP_ANALYSIS = YES;
				CLANG_WARN_STRICT_PROTOTYPES = YES;
				CLANG_WARN_SUSPICIOUS_MOVE = YES;
				CLANG_WARN_UNGUARDED_AVAILABILITY = YES_AGGRESSIVE;
				CLANG_WARN_UNREACHABLE_CODE = YES;
				CLANG_WARN__DUPLICATE_METHOD_MATCH = YES;
				COPY_PHASE_STRIP = NO;
				DEBUG_INFORMATION_FORMAT = dwarf;
				ENABLE_STRICT_OBJC_MSGSEND = YES;
				ENABLE_TESTABILITY = YES;
				GCC_C_LANGUAGE_STANDARD = gnu11;
				GCC_DYNAMIC_NO_PIC = NO;
				GCC_NO_COMMON_BLOCKS = YES;
				GCC_OPTIMIZATION_LEVEL = 0;
				GCC_PREPROCESSOR_DEFINITIONS = (
					"DEBUG=1",
					"$(inherited)",
				);
				GCC_WARN_64_TO_32_BIT_CONVERSION = YES;
				GCC_WARN_ABOUT_RETURN_TYPE = YES_ERROR;
				GCC_WARN_UNDECLARED_SELECTOR = YES;
				GCC_WARN_UNINITIALIZED_AUTOS = YES_AGGRESSIVE;
				GCC_WARN_UNUSED_FUNCTION = YES;
				GCC_WARN_UNUSED_VARIABLE = YES;
				IPHONEOS_DEPLOYMENT_TARGET = 15.4;
				MTL_ENABLE_DEBUG_INFO = INCLUDE_SOURCE;
				MTL_FAST_MATH = YES;
				ONLY_ACTIVE_ARCH = YES;
				SDKROOT = iphoneos;
				SWIFT_ACTIVE_COMPILATION_CONDITIONS = DEBUG;
				SWIFT_OPTIMIZATION_LEVEL = "-Onone";
			};
			name = Debug;
		};
		C644D31F27F571090007E679 /* Release */ = {
			isa = XCBuildConfiguration;
			buildSettings = {
				ALWAYS_SEARCH_USER_PATHS = NO;
				CLANG_ANALYZER_NONNULL = YES;
				CLANG_ANALYZER_NUMBER_OBJECT_CONVERSION = YES_AGGRESSIVE;
				CLANG_CXX_LANGUAGE_STANDARD = "gnu++17";
				CLANG_ENABLE_MODULES = YES;
				CLANG_ENABLE_OBJC_ARC = YES;
				CLANG_ENABLE_OBJC_WEAK = YES;
				CLANG_WARN_BLOCK_CAPTURE_AUTORELEASING = YES;
				CLANG_WARN_BOOL_CONVERSION = YES;
				CLANG_WARN_COMMA = YES;
				CLANG_WARN_CONSTANT_CONVERSION = YES;
				CLANG_WARN_DEPRECATED_OBJC_IMPLEMENTATIONS = YES;
				CLANG_WARN_DIRECT_OBJC_ISA_USAGE = YES_ERROR;
				CLANG_WARN_DOCUMENTATION_COMMENTS = YES;
				CLANG_WARN_EMPTY_BODY = YES;
				CLANG_WARN_ENUM_CONVERSION = YES;
				CLANG_WARN_INFINITE_RECURSION = YES;
				CLANG_WARN_INT_CONVERSION = YES;
				CLANG_WARN_NON_LITERAL_NULL_CONVERSION = YES;
				CLANG_WARN_OBJC_IMPLICIT_RETAIN_SELF = YES;
				CLANG_WARN_OBJC_LITERAL_CONVERSION = YES;
				CLANG_WARN_OBJC_ROOT_CLASS = YES_ERROR;
				CLANG_WARN_QUOTED_INCLUDE_IN_FRAMEWORK_HEADER = YES;
				CLANG_WARN_RANGE_LOOP_ANALYSIS = YES;
				CLANG_WARN_STRICT_PROTOTYPES = YES;
				CLANG_WARN_SUSPICIOUS_MOVE = YES;
				CLANG_WARN_UNGUARDED_AVAILABILITY = YES_AGGRESSIVE;
				CLANG_WARN_UNREACHABLE_CODE = YES;
				CLANG_WARN__DUPLICATE_METHOD_MATCH = YES;
				COPY_PHASE_STRIP = NO;
				DEBUG_INFORMATION_FORMAT = "dwarf-with-dsym";
				ENABLE_NS_ASSERTIONS = NO;
				ENABLE_STRICT_OBJC_MSGSEND = YES;
				GCC_C_LANGUAGE_STANDARD = gnu11;
				GCC_NO_COMMON_BLOCKS = YES;
				GCC_WARN_64_TO_32_BIT_CONVERSION = YES;
				GCC_WARN_ABOUT_RETURN_TYPE = YES_ERROR;
				GCC_WARN_UNDECLARED_SELECTOR = YES;
				GCC_WARN_UNINITIALIZED_AUTOS = YES_AGGRESSIVE;
				GCC_WARN_UNUSED_FUNCTION = YES;
				GCC_WARN_UNUSED_VARIABLE = YES;
				IPHONEOS_DEPLOYMENT_TARGET = 15.4;
				MTL_ENABLE_DEBUG_INFO = NO;
				MTL_FAST_MATH = YES;
				SDKROOT = iphoneos;
				SWIFT_COMPILATION_MODE = wholemodule;
				SWIFT_OPTIMIZATION_LEVEL = "-O";
				VALIDATE_PRODUCT = YES;
			};
			name = Release;
		};
		C644D32127F571090007E679 /* Debug */ = {
			isa = XCBuildConfiguration;
			buildSettings = {
				ASSETCATALOG_COMPILER_APPICON_NAME = AppIcon;
				ASSETCATALOG_COMPILER_GLOBAL_ACCENT_COLOR_NAME = AccentColor;
				CODE_SIGN_STYLE = Automatic;
				CURRENT_PROJECT_VERSION = 1;
				DEVELOPMENT_ASSET_PATHS = "\"touchdown/Preview Content\"";
				DEVELOPMENT_TEAM = Z9HF4394ZJ;
				ENABLE_PREVIEWS = YES;
				GENERATE_INFOPLIST_FILE = YES;
				INFOPLIST_FILE = touchdown/Info.plist;
				INFOPLIST_KEY_UIApplicationSceneManifest_Generation = YES;
				INFOPLIST_KEY_UIApplicationSupportsIndirectInputEvents = YES;
				INFOPLIST_KEY_UISupportedInterfaceOrientations_iPad = "UIInterfaceOrientationPortrait UIInterfaceOrientationPortraitUpsideDown UIInterfaceOrientationLandscapeLeft UIInterfaceOrientationLandscapeRight";
				INFOPLIST_KEY_UISupportedInterfaceOrientations_iPhone = UIInterfaceOrientationPortrait;
				INFOPLIST_KEY_UIUserInterfaceStyle = Light;
				IPHONEOS_DEPLOYMENT_TARGET = 14.0;
				LD_RUNPATH_SEARCH_PATHS = (
					"$(inherited)",
					"@executable_path/Frameworks",
				);
				MARKETING_VERSION = 1.0;
				PRODUCT_BUNDLE_IDENTIFIER = com.swiftui.practice.touchdown;
				PRODUCT_NAME = "$(TARGET_NAME)";
				SWIFT_EMIT_LOC_STRINGS = YES;
				SWIFT_VERSION = 5.0;
				TARGETED_DEVICE_FAMILY = "1,2";
			};
			name = Debug;
		};
		C644D32227F571090007E679 /* Release */ = {
			isa = XCBuildConfiguration;
			buildSettings = {
				ASSETCATALOG_COMPILER_APPICON_NAME = AppIcon;
				ASSETCATALOG_COMPILER_GLOBAL_ACCENT_COLOR_NAME = AccentColor;
				CODE_SIGN_STYLE = Automatic;
				CURRENT_PROJECT_VERSION = 1;
				DEVELOPMENT_ASSET_PATHS = "\"touchdown/Preview Content\"";
				DEVELOPMENT_TEAM = Z9HF4394ZJ;
				ENABLE_PREVIEWS = YES;
				GENERATE_INFOPLIST_FILE = YES;
				INFOPLIST_FILE = touchdown/Info.plist;
				INFOPLIST_KEY_UIApplicationSceneManifest_Generation = YES;
				INFOPLIST_KEY_UIApplicationSupportsIndirectInputEvents = YES;
				INFOPLIST_KEY_UISupportedInterfaceOrientations_iPad = "UIInterfaceOrientationPortrait UIInterfaceOrientationPortraitUpsideDown UIInterfaceOrientationLandscapeLeft UIInterfaceOrientationLandscapeRight";
				INFOPLIST_KEY_UISupportedInterfaceOrientations_iPhone = UIInterfaceOrientationPortrait;
				INFOPLIST_KEY_UIUserInterfaceStyle = Light;
				IPHONEOS_DEPLOYMENT_TARGET = 14.0;
				LD_RUNPATH_SEARCH_PATHS = (
					"$(inherited)",
					"@executable_path/Frameworks",
				);
				MARKETING_VERSION = 1.0;
				PRODUCT_BUNDLE_IDENTIFIER = com.swiftui.practice.touchdown;
				PRODUCT_NAME = "$(TARGET_NAME)";
				SWIFT_EMIT_LOC_STRINGS = YES;
				SWIFT_VERSION = 5.0;
				TARGETED_DEVICE_FAMILY = "1,2";
			};
			name = Release;
		};
		C644D32427F571090007E679 /* Debug */ = {
			isa = XCBuildConfiguration;
			buildSettings = {
				ALWAYS_EMBED_SWIFT_STANDARD_LIBRARIES = YES;
				BUNDLE_LOADER = "$(TEST_HOST)";
				CODE_SIGN_STYLE = Automatic;
				CURRENT_PROJECT_VERSION = 1;
				GENERATE_INFOPLIST_FILE = YES;
				IPHONEOS_DEPLOYMENT_TARGET = 15.4;
				MARKETING_VERSION = 1.0;
				PRODUCT_BUNDLE_IDENTIFIER = com.swiftui.practice.touchdownTests;
				PRODUCT_NAME = "$(TARGET_NAME)";
				SWIFT_EMIT_LOC_STRINGS = NO;
				SWIFT_VERSION = 5.0;
				TARGETED_DEVICE_FAMILY = "1,2";
				TEST_HOST = "$(BUILT_PRODUCTS_DIR)/touchdown.app/touchdown";
			};
			name = Debug;
		};
		C644D32527F571090007E679 /* Release */ = {
			isa = XCBuildConfiguration;
			buildSettings = {
				ALWAYS_EMBED_SWIFT_STANDARD_LIBRARIES = YES;
				BUNDLE_LOADER = "$(TEST_HOST)";
				CODE_SIGN_STYLE = Automatic;
				CURRENT_PROJECT_VERSION = 1;
				GENERATE_INFOPLIST_FILE = YES;
				IPHONEOS_DEPLOYMENT_TARGET = 15.4;
				MARKETING_VERSION = 1.0;
				PRODUCT_BUNDLE_IDENTIFIER = com.swiftui.practice.touchdownTests;
				PRODUCT_NAME = "$(TARGET_NAME)";
				SWIFT_EMIT_LOC_STRINGS = NO;
				SWIFT_VERSION = 5.0;
				TARGETED_DEVICE_FAMILY = "1,2";
				TEST_HOST = "$(BUILT_PRODUCTS_DIR)/touchdown.app/touchdown";
			};
			name = Release;
		};
		C644D32727F571090007E679 /* Debug */ = {
			isa = XCBuildConfiguration;
			buildSettings = {
				ALWAYS_EMBED_SWIFT_STANDARD_LIBRARIES = YES;
				CODE_SIGN_STYLE = Automatic;
				CURRENT_PROJECT_VERSION = 1;
				GENERATE_INFOPLIST_FILE = YES;
				MARKETING_VERSION = 1.0;
				PRODUCT_BUNDLE_IDENTIFIER = com.swiftui.practice.touchdownUITests;
				PRODUCT_NAME = "$(TARGET_NAME)";
				SWIFT_EMIT_LOC_STRINGS = NO;
				SWIFT_VERSION = 5.0;
				TARGETED_DEVICE_FAMILY = "1,2";
				TEST_TARGET_NAME = touchdown;
			};
			name = Debug;
		};
		C644D32827F571090007E679 /* Release */ = {
			isa = XCBuildConfiguration;
			buildSettings = {
				ALWAYS_EMBED_SWIFT_STANDARD_LIBRARIES = YES;
				CODE_SIGN_STYLE = Automatic;
				CURRENT_PROJECT_VERSION = 1;
				GENERATE_INFOPLIST_FILE = YES;
				MARKETING_VERSION = 1.0;
				PRODUCT_BUNDLE_IDENTIFIER = com.swiftui.practice.touchdownUITests;
				PRODUCT_NAME = "$(TARGET_NAME)";
				SWIFT_EMIT_LOC_STRINGS = NO;
				SWIFT_VERSION = 5.0;
				TARGETED_DEVICE_FAMILY = "1,2";
				TEST_TARGET_NAME = touchdown;
			};
			name = Release;
		};
/* End XCBuildConfiguration section */

/* Begin XCConfigurationList section */
		C644D2F727F571080007E679 /* Build configuration list for PBXProject "touchdown" */ = {
			isa = XCConfigurationList;
			buildConfigurations = (
				C644D31E27F571090007E679 /* Debug */,
				C644D31F27F571090007E679 /* Release */,
			);
			defaultConfigurationIsVisible = 0;
			defaultConfigurationName = Release;
		};
		C644D32027F571090007E679 /* Build configuration list for PBXNativeTarget "touchdown" */ = {
			isa = XCConfigurationList;
			buildConfigurations = (
				C644D32127F571090007E679 /* Debug */,
				C644D32227F571090007E679 /* Release */,
			);
			defaultConfigurationIsVisible = 0;
			defaultConfigurationName = Release;
		};
		C644D32327F571090007E679 /* Build configuration list for PBXNativeTarget "touchdownTests" */ = {
			isa = XCConfigurationList;
			buildConfigurations = (
				C644D32427F571090007E679 /* Debug */,
				C644D32527F571090007E679 /* Release */,
			);
			defaultConfigurationIsVisible = 0;
			defaultConfigurationName = Release;
		};
		C644D32627F571090007E679 /* Build configuration list for PBXNativeTarget "touchdownUITests" */ = {
			isa = XCConfigurationList;
			buildConfigurations = (
				C644D32727F571090007E679 /* Debug */,
				C644D32827F571090007E679 /* Release */,
			);
			defaultConfigurationIsVisible = 0;
			defaultConfigurationName = Release;
		};
/* End XCConfigurationList section */
	};
	rootObject = C644D2F427F571080007E679 /* Project object */;
}
